dependencies:
  espressif/mdns:
    component_hash: 8bcf12e37c58c1d584aef32a02b92548124c7a3a9fcf548d3235c844a035e0f0
    dependencies:
    - name: idf
      require: private
      version: '>=5.0'
    source:
      registry_url: https://components.espressif.com/
      type: service
    version: 1.11.1
  idf:
    source:
      type: idf
    version: 5.3.2
direct_dependencies:
- espressif/mdns
manifest_hash: 677a4586e48452372ef88bd1133a430c26ff6eaeabb669baff0c39c165dbf0a6
target: esp32c3
version: 2.0.0
